
Microsoft Visual Studio Solution File, Format Version 12.00
# Visual Studio Version 17
VisualStudioVersion = 17.2.32519.379
MinimumVisualStudioVersion = 10.0.40219.1
Project("{FAE04EC0-301F-11D3-BF4B-00C04F79EFBC}") = "GetMalone", "GetMalone.csproj", "{5FCB93B3-E264-4DA5-91BA-F6F1DF456793}"
EndProject
Global
	GlobalSection(SolutionConfigurationPlatforms) = preSolution
		Debug|Any CPU = Debug|Any CPU
		Release|Any CPU = Release|Any CPU
	EndGlobalSection
	GlobalSection(ProjectConfigurationPlatforms) = postSolution
		{5FCB93B3-E264-4DA5-91BA-F6F1DF456793}.Debug|Any CPU.ActiveCfg = Debug|Any CPU
		{5FCB93B3-E264-4DA5-91BA-F6F1DF456793}.Debug|Any CPU.Build.0 = Debug|Any CPU
		{5FCB93B3-E264-4DA5-91BA-F6F1DF456793}.Release|Any CPU.ActiveCfg = Release|Any CPU
		{5FCB93B3-E264-4DA5-91BA-F6F1DF456793}.Release|Any CPU.Build.0 = Release|Any CPU
	EndGlobalSection
	GlobalSection(SolutionProperties) = preSolution
		HideSolutionNode = FALSE
	EndGlobalSection
	GlobalSection(ExtensibilityGlobals) = postSolution
		SolutionGuid = {1DC62652-8FD0-4E74-BDA6-3FF56A13EB1D}
	EndGlobalSection
EndGlobal
